// !$*UTF8*$!
{
	archiveVersion = 1;
	classes = {
	};
	objectVersion = 46;
	objects = {

/* Begin PBXBuildFile section */
		199C6D8E1D944582002630EC /* Netto.h in Headers */ = {isa = PBXBuildFile; fileRef = 199C6D8D1D944582002630EC /* Netto.h */; settings = {ATTRIBUTES = (Public, ); }; };
		199C6D951D944582002630EC /* Netto.framework in Frameworks */ = {isa = PBXBuildFile; fileRef = 199C6D8A1D944582002630EC /* Netto.framework */; };
		199C6D9A1D944582002630EC /* NettoTests.swift in Sources */ = {isa = PBXBuildFile; fileRef = 199C6D991D944582002630EC /* NettoTests.swift */; };
		199C6DA51D9445B5002630EC /* NettoPodManager.swift in Sources */ = {isa = PBXBuildFile; fileRef = 199C6DA41D9445B5002630EC /* NettoPodManager.swift */; };
		199C6DC31D94494D002630EC /* NettoDownloader.swift in Sources */ = {isa = PBXBuildFile; fileRef = 199C6DB91D94494D002630EC /* NettoDownloader.swift */; };
		199C6DC41D94494D002630EC /* DownloadSessionDelegate.swift in Sources */ = {isa = PBXBuildFile; fileRef = 199C6DBA1D94494D002630EC /* DownloadSessionDelegate.swift */; };
		199C6DC51D94494D002630EC /* DownloadTask.swift in Sources */ = {isa = PBXBuildFile; fileRef = 199C6DBB1D94494D002630EC /* DownloadTask.swift */; };
		199C6DC61D94494D002630EC /* Netto.swift in Sources */ = {isa = PBXBuildFile; fileRef = 199C6DBC1D94494D002630EC /* Netto.swift */; };
		199C6DC71D94494D002630EC /* NetworkErrors.swift in Sources */ = {isa = PBXBuildFile; fileRef = 199C6DBD1D94494D002630EC /* NetworkErrors.swift */; };
		199C6DC81D94494D002630EC /* PhotoUploadOperation.swift in Sources */ = {isa = PBXBuildFile; fileRef = 199C6DBF1D94494D002630EC /* PhotoUploadOperation.swift */; };
		199C6DC91D94494D002630EC /* NettoUploader.swift in Sources */ = {isa = PBXBuildFile; fileRef = 199C6DC01D94494D002630EC /* NettoUploader.swift */; };
		199C6DCA1D94494D002630EC /* UploadSessionDelegate.swift in Sources */ = {isa = PBXBuildFile; fileRef = 199C6DC11D94494D002630EC /* UploadSessionDelegate.swift */; };
		199C6DCB1D94494D002630EC /* UploadTask.swift in Sources */ = {isa = PBXBuildFile; fileRef = 199C6DC21D94494D002630EC /* UploadTask.swift */; };
		199C6DCE1D944B99002630EC /* Strings.swift in Sources */ = {isa = PBXBuildFile; fileRef = 199C6DCD1D944B99002630EC /* Strings.swift */; };
		199C6DD01D944C64002630EC /* NettoUtils.swift in Sources */ = {isa = PBXBuildFile; fileRef = 199C6DCF1D944C64002630EC /* NettoUtils.swift */; };
/* End PBXBuildFile section */

/* Begin PBXContainerItemProxy section */
		199C6D961D944582002630EC /* PBXContainerItemProxy */ = {
			isa = PBXContainerItemProxy;
			containerPortal = 199C6D811D944582002630EC /* Project object */;
			proxyType = 1;
			remoteGlobalIDString = 199C6D891D944582002630EC;
			remoteInfo = Netto;
		};
/* End PBXContainerItemProxy section */

/* Begin PBXFileReference section */
		199C6D8A1D944582002630EC /* Netto.framework */ = {isa = PBXFileReference; explicitFileType = wrapper.framework; includeInIndex = 0; path = Netto.framework; sourceTree = BUILT_PRODUCTS_DIR; };
		199C6D8D1D944582002630EC /* Netto.h */ = {isa = PBXFileReference; lastKnownFileType = sourcecode.c.h; path = Netto.h; sourceTree = "<group>"; };
		199C6D8F1D944582002630EC /* Info.plist */ = {isa = PBXFileReference; lastKnownFileType = text.plist.xml; path = Info.plist; sourceTree = "<group>"; };
		199C6D941D944582002630EC /* NettoTests.xctest */ = {isa = PBXFileReference; explicitFileType = wrapper.cfbundle; includeInIndex = 0; path = NettoTests.xctest; sourceTree = BUILT_PRODUCTS_DIR; };
		199C6D991D944582002630EC /* NettoTests.swift */ = {isa = PBXFileReference; lastKnownFileType = sourcecode.swift; path = NettoTests.swift; sourceTree = "<group>"; };
		199C6D9B1D944582002630EC /* Info.plist */ = {isa = PBXFileReference; lastKnownFileType = text.plist.xml; path = Info.plist; sourceTree = "<group>"; };
		199C6DA41D9445B5002630EC /* NettoPodManager.swift */ = {isa = PBXFileReference; fileEncoding = 4; lastKnownFileType = sourcecode.swift; path = NettoPodManager.swift; sourceTree = "<group>"; };
		199C6DB91D94494D002630EC /* NettoDownloader.swift */ = {isa = PBXFileReference; fileEncoding = 4; lastKnownFileType = sourcecode.swift; path = NettoDownloader.swift; sourceTree = "<group>"; };
		199C6DBA1D94494D002630EC /* DownloadSessionDelegate.swift */ = {isa = PBXFileReference; fileEncoding = 4; lastKnownFileType = sourcecode.swift; path = DownloadSessionDelegate.swift; sourceTree = "<group>"; };
		199C6DBB1D94494D002630EC /* DownloadTask.swift */ = {isa = PBXFileReference; fileEncoding = 4; lastKnownFileType = sourcecode.swift; path = DownloadTask.swift; sourceTree = "<group>"; };
		199C6DBC1D94494D002630EC /* Netto.swift */ = {isa = PBXFileReference; fileEncoding = 4; lastKnownFileType = sourcecode.swift; path = Netto.swift; sourceTree = "<group>"; };
		199C6DBD1D94494D002630EC /* NetworkErrors.swift */ = {isa = PBXFileReference; fileEncoding = 4; lastKnownFileType = sourcecode.swift; path = NetworkErrors.swift; sourceTree = "<group>"; };
		199C6DBF1D94494D002630EC /* PhotoUploadOperation.swift */ = {isa = PBXFileReference; fileEncoding = 4; lastKnownFileType = sourcecode.swift; path = PhotoUploadOperation.swift; sourceTree = "<group>"; };
		199C6DC01D94494D002630EC /* NettoUploader.swift */ = {isa = PBXFileReference; fileEncoding = 4; lastKnownFileType = sourcecode.swift; path = NettoUploader.swift; sourceTree = "<group>"; };
		199C6DC11D94494D002630EC /* UploadSessionDelegate.swift */ = {isa = PBXFileReference; fileEncoding = 4; lastKnownFileType = sourcecode.swift; path = UploadSessionDelegate.swift; sourceTree = "<group>"; };
		199C6DC21D94494D002630EC /* UploadTask.swift */ = {isa = PBXFileReference; fileEncoding = 4; lastKnownFileType = sourcecode.swift; path = UploadTask.swift; sourceTree = "<group>"; };
		199C6DCD1D944B99002630EC /* Strings.swift */ = {isa = PBXFileReference; fileEncoding = 4; lastKnownFileType = sourcecode.swift; path = Strings.swift; sourceTree = "<group>"; };
		199C6DCF1D944C64002630EC /* NettoUtils.swift */ = {isa = PBXFileReference; fileEncoding = 4; lastKnownFileType = sourcecode.swift; path = NettoUtils.swift; sourceTree = "<group>"; };
/* End PBXFileReference section */

/* Begin PBXFrameworksBuildPhase section */
		199C6D861D944582002630EC /* Frameworks */ = {
			isa = PBXFrameworksBuildPhase;
			buildActionMask = 2147483647;
			files = (
			);
			runOnlyForDeploymentPostprocessing = 0;
		};
		199C6D911D944582002630EC /* Frameworks */ = {
			isa = PBXFrameworksBuildPhase;
			buildActionMask = 2147483647;
			files = (
				199C6D951D944582002630EC /* Netto.framework in Frameworks */,
			);
			runOnlyForDeploymentPostprocessing = 0;
		};
/* End PBXFrameworksBuildPhase section */

/* Begin PBXGroup section */
		199C6D801D944582002630EC = {
			isa = PBXGroup;
			children = (
				199C6D8C1D944582002630EC /* Netto */,
				199C6D981D944582002630EC /* NettoTests */,
				199C6D8B1D944582002630EC /* Products */,
			);
			sourceTree = "<group>";
		};
		199C6D8B1D944582002630EC /* Products */ = {
			isa = PBXGroup;
			children = (
				199C6D8A1D944582002630EC /* Netto.framework */,
				199C6D941D944582002630EC /* NettoTests.xctest */,
			);
			name = Products;
			sourceTree = "<group>";
		};
		199C6D8C1D944582002630EC /* Netto */ = {
			isa = PBXGroup;
			children = (
				199C6DB71D94494D002630EC /* Source */,
				199C6D8D1D944582002630EC /* Netto.h */,
				199C6D8F1D944582002630EC /* Info.plist */,
				199C6DA41D9445B5002630EC /* NettoPodManager.swift */,
			);
			path = Netto;
			sourceTree = "<group>";
		};
		199C6D981D944582002630EC /* NettoTests */ = {
			isa = PBXGroup;
			children = (
				199C6D991D944582002630EC /* NettoTests.swift */,
				199C6D9B1D944582002630EC /* Info.plist */,
			);
			path = NettoTests;
			sourceTree = "<group>";
		};
		199C6DB71D94494D002630EC /* Source */ = {
			isa = PBXGroup;
			children = (
				199C6DCC1D944B8C002630EC /* Util */,
				199C6DB81D94494D002630EC /* Download */,
				199C6DBC1D94494D002630EC /* Netto.swift */,
				199C6DBD1D94494D002630EC /* NetworkErrors.swift */,
				199C6DBE1D94494D002630EC /* Upload */,
			);
			path = Source;
			sourceTree = "<group>";
		};
		199C6DB81D94494D002630EC /* Download */ = {
			isa = PBXGroup;
			children = (
				199C6DB91D94494D002630EC /* NettoDownloader.swift */,
				199C6DBA1D94494D002630EC /* DownloadSessionDelegate.swift */,
				199C6DBB1D94494D002630EC /* DownloadTask.swift */,
			);
			path = Download;
			sourceTree = "<group>";
		};
		199C6DBE1D94494D002630EC /* Upload */ = {
			isa = PBXGroup;
			children = (
				199C6DBF1D94494D002630EC /* PhotoUploadOperation.swift */,
				199C6DC01D94494D002630EC /* NettoUploader.swift */,
				199C6DC11D94494D002630EC /* UploadSessionDelegate.swift */,
				199C6DC21D94494D002630EC /* UploadTask.swift */,
			);
			path = Upload;
			sourceTree = "<group>";
		};
		199C6DCC1D944B8C002630EC /* Util */ = {
			isa = PBXGroup;
			children = (
				199C6DCD1D944B99002630EC /* Strings.swift */,
				199C6DCF1D944C64002630EC /* NettoUtils.swift */,
			);
			name = Util;
			sourceTree = "<group>";
		};
/* End PBXGroup section */

/* Begin PBXHeadersBuildPhase section */
		199C6D871D944582002630EC /* Headers */ = {
			isa = PBXHeadersBuildPhase;
			buildActionMask = 2147483647;
			files = (
				199C6D8E1D944582002630EC /* Netto.h in Headers */,
			);
			runOnlyForDeploymentPostprocessing = 0;
		};
/* End PBXHeadersBuildPhase section */

/* Begin PBXNativeTarget section */
		199C6D891D944582002630EC /* Netto */ = {
			isa = PBXNativeTarget;
			buildConfigurationList = 199C6D9E1D944582002630EC /* Build configuration list for PBXNativeTarget "Netto" */;
			buildPhases = (
				199C6D851D944582002630EC /* Sources */,
				199C6D861D944582002630EC /* Frameworks */,
				199C6D871D944582002630EC /* Headers */,
				199C6D881D944582002630EC /* Resources */,
			);
			buildRules = (
			);
			dependencies = (
			);
			name = Netto;
			productName = Netto;
			productReference = 199C6D8A1D944582002630EC /* Netto.framework */;
			productType = "com.apple.product-type.framework";
		};
		199C6D931D944582002630EC /* NettoTests */ = {
			isa = PBXNativeTarget;
			buildConfigurationList = 199C6DA11D944582002630EC /* Build configuration list for PBXNativeTarget "NettoTests" */;
			buildPhases = (
				199C6D901D944582002630EC /* Sources */,
				199C6D911D944582002630EC /* Frameworks */,
				199C6D921D944582002630EC /* Resources */,
			);
			buildRules = (
			);
			dependencies = (
				199C6D971D944582002630EC /* PBXTargetDependency */,
			);
			name = NettoTests;
			productName = NettoTests;
			productReference = 199C6D941D944582002630EC /* NettoTests.xctest */;
			productType = "com.apple.product-type.bundle.unit-test";
		};
/* End PBXNativeTarget section */

/* Begin PBXProject section */
		199C6D811D944582002630EC /* Project object */ = {
			isa = PBXProject;
			attributes = {
				LastSwiftUpdateCheck = 0730;
				LastUpgradeCheck = 0730;
				ORGANIZATIONNAME = "Huma Labs";
				TargetAttributes = {
					199C6D891D944582002630EC = {
						CreatedOnToolsVersion = 7.3.1;
					};
					199C6D931D944582002630EC = {
						CreatedOnToolsVersion = 7.3.1;
					};
				};
			};
			buildConfigurationList = 199C6D841D944582002630EC /* Build configuration list for PBXProject "Netto" */;
			compatibilityVersion = "Xcode 3.2";
			developmentRegion = English;
			hasScannedForEncodings = 0;
			knownRegions = (
				en,
			);
			mainGroup = 199C6D801D944582002630EC;
			productRefGroup = 199C6D8B1D944582002630EC /* Products */;
			projectDirPath = "";
			projectRoot = "";
			targets = (
				199C6D891D944582002630EC /* Netto */,
				199C6D931D944582002630EC /* NettoTests */,
			);
		};
/* End PBXProject section */

/* Begin PBXResourcesBuildPhase section */
		199C6D881D944582002630EC /* Resources */ = {
			isa = PBXResourcesBuildPhase;
			buildActionMask = 2147483647;
			files = (
			);
			runOnlyForDeploymentPostprocessing = 0;
		};
		199C6D921D944582002630EC /* Resources */ = {
			isa = PBXResourcesBuildPhase;
			buildActionMask = 2147483647;
			files = (
			);
			runOnlyForDeploymentPostprocessing = 0;
		};
/* End PBXResourcesBuildPhase section */

/* Begin PBXSourcesBuildPhase section */
		199C6D851D944582002630EC /* Sources */ = {
			isa = PBXSourcesBuildPhase;
			buildActionMask = 2147483647;
			files = (
				199C6DC91D94494D002630EC /* NettoUploader.swift in Sources */,
				199C6DCE1D944B99002630EC /* Strings.swift in Sources */,
				199C6DC51D94494D002630EC /* DownloadTask.swift in Sources */,
				199C6DC81D94494D002630EC /* PhotoUploadOperation.swift in Sources */,
				199C6DC61D94494D002630EC /* Netto.swift in Sources */,
				199C6DC41D94494D002630EC /* DownloadSessionDelegate.swift in Sources */,
				199C6DCB1D94494D002630EC /* UploadTask.swift in Sources */,
				199C6DCA1D94494D002630EC /* UploadSessionDelegate.swift in Sources */,
				199C6DA51D9445B5002630EC /* NettoPodManager.swift in Sources */,
				199C6DC31D94494D002630EC /* NettoDownloader.swift in Sources */,
				199C6DD01D944C64002630EC /* NettoUtils.swift in Sources */,
				199C6DC71D94494D002630EC /* NetworkErrors.swift in Sources */,
			);
			runOnlyForDeploymentPostprocessing = 0;
		};
		199C6D901D944582002630EC /* Sources */ = {
			isa = PBXSourcesBuildPhase;
			buildActionMask = 2147483647;
			files = (
				199C6D9A1D944582002630EC /* NettoTests.swift in Sources */,
			);
			runOnlyForDeploymentPostprocessing = 0;
		};
/* End PBXSourcesBuildPhase section */

/* Begin PBXTargetDependency section */
		199C6D971D944582002630EC /* PBXTargetDependency */ = {
			isa = PBXTargetDependency;
			target = 199C6D891D944582002630EC /* Netto */;
			targetProxy = 199C6D961D944582002630EC /* PBXContainerItemProxy */;
		};
/* End PBXTargetDependency section */

/* Begin XCBuildConfiguration section */
		199C6D9C1D944582002630EC /* Debug */ = {
			isa = XCBuildConfiguration;
			buildSettings = {
				ALWAYS_SEARCH_USER_PATHS = NO;
				CLANG_ANALYZER_NONNULL = YES;
				CLANG_CXX_LANGUAGE_STANDARD = "gnu++0x";
				CLANG_CXX_LIBRARY = "libc++";
				CLANG_ENABLE_MODULES = YES;
				CLANG_ENABLE_OBJC_ARC = YES;
				CLANG_WARN_BOOL_CONVERSION = YES;
				CLANG_WARN_CONSTANT_CONVERSION = YES;
				CLANG_WARN_DIRECT_OBJC_ISA_USAGE = YES_ERROR;
				CLANG_WARN_EMPTY_BODY = YES;
				CLANG_WARN_ENUM_CONVERSION = YES;
				CLANG_WARN_INT_CONVERSION = YES;
				CLANG_WARN_OBJC_ROOT_CLASS = YES_ERROR;
				CLANG_WARN_UNREACHABLE_CODE = YES;
				CLANG_WARN__DUPLICATE_METHOD_MATCH = YES;
				"CODE_SIGN_IDENTITY[sdk=iphoneos*]" = "iPhone Developer";
				COPY_PHASE_STRIP = NO;
				CURRENT_PROJECT_VERSION = 1;
				DEBUG_INFORMATION_FORMAT = dwarf;
				ENABLE_STRICT_OBJC_MSGSEND = YES;
				ENABLE_TESTABILITY = YES;
				GCC_C_LANGUAGE_STANDARD = gnu99;
				GCC_DYNAMIC_NO_PIC = NO;
				GCC_NO_COMMON_BLOCKS = YES;
				GCC_OPTIMIZATION_LEVEL = 0;
				GCC_PREPROCESSOR_DEFINITIONS = (
					"DEBUG=1",
					"$(inherited)",
				);
				GCC_WARN_64_TO_32_BIT_CONVERSION = YES;
				GCC_WARN_ABOUT_RETURN_TYPE = YES_ERROR;
				GCC_WARN_UNDECLARED_SELECTOR = YES;
				GCC_WARN_UNINITIALIZED_AUTOS = YES_AGGRESSIVE;
				GCC_WARN_UNUSED_FUNCTION = YES;
				GCC_WARN_UNUSED_VARIABLE = YES;
				IPHONEOS_DEPLOYMENT_TARGET = 9.3;
				MTL_ENABLE_DEBUG_INFO = YES;
				ONLY_ACTIVE_ARCH = YES;
				SDKROOT = iphoneos;
				SWIFT_OPTIMIZATION_LEVEL = "-Onone";
				TARGETED_DEVICE_FAMILY = "1,2";
				VERSIONING_SYSTEM = "apple-generic";
				VERSION_INFO_PREFIX = "";
			};
			name = Debug;
		};
		199C6D9D1D944582002630EC /* Release */ = {
			isa = XCBuildConfiguration;
			buildSettings = {
				ALWAYS_SEARCH_USER_PATHS = NO;
				CLANG_ANALYZER_NONNULL = YES;
				CLANG_CXX_LANGUAGE_STANDARD = "gnu++0x";
				CLANG_CXX_LIBRARY = "libc++";
				CLANG_ENABLE_MODULES = YES;
				CLANG_ENABLE_OBJC_ARC = YES;
				CLANG_WARN_BOOL_CONVERSION = YES;
				CLANG_WARN_CONSTANT_CONVERSION = YES;
				CLANG_WARN_DIRECT_OBJC_ISA_USAGE = YES_ERROR;
				CLANG_WARN_EMPTY_BODY = YES;
				CLANG_WARN_ENUM_CONVERSION = YES;
				CLANG_WARN_INT_CONVERSION = YES;
				CLANG_WARN_OBJC_ROOT_CLASS = YES_ERROR;
				CLANG_WARN_UNREACHABLE_CODE = YES;
				CLANG_WARN__DUPLICATE_METHOD_MATCH = YES;
				"CODE_SIGN_IDENTITY[sdk=iphoneos*]" = "iPhone Developer";
				COPY_PHASE_STRIP = NO;
				CURRENT_PROJECT_VERSION = 1;
				DEBUG_INFORMATION_FORMAT = "dwarf-with-dsym";
				ENABLE_NS_ASSERTIONS = NO;
				ENABLE_STRICT_OBJC_MSGSEND = YES;
				GCC_C_LANGUAGE_STANDARD = gnu99;
				GCC_NO_COMMON_BLOCKS = YES;
				GCC_WARN_64_TO_32_BIT_CONVERSION = YES;
				GCC_WARN_ABOUT_RETURN_TYPE = YES_ERROR;
				GCC_WARN_UNDECLARED_SELECTOR = YES;
				GCC_WARN_UNINITIALIZED_AUTOS = YES_AGGRESSIVE;
				GCC_WARN_UNUSED_FUNCTION = YES;
				GCC_WARN_UNUSED_VARIABLE = YES;
				IPHONEOS_DEPLOYMENT_TARGET = 9.3;
				MTL_ENABLE_DEBUG_INFO = NO;
				SDKROOT = iphoneos;
				TARGETED_DEVICE_FAMILY = "1,2";
				VALIDATE_PRODUCT = YES;
				VERSIONING_SYSTEM = "apple-generic";
				VERSION_INFO_PREFIX = "";
			};
			name = Release;
		};
		199C6D9F1D944582002630EC /* Debug */ = {
			isa = XCBuildConfiguration;
			buildSettings = {
				CLANG_ENABLE_MODULES = YES;
				DEFINES_MODULE = YES;
				DYLIB_COMPATIBILITY_VERSION = 1;
				DYLIB_CURRENT_VERSION = 1;
				DYLIB_INSTALL_NAME_BASE = "@rpath";
				INFOPLIST_FILE = Netto/Info.plist;
				INSTALL_PATH = "$(LOCAL_LIBRARY_DIR)/Frameworks";
				LD_RUNPATH_SEARCH_PATHS = "$(inherited) @executable_path/Frameworks @loader_path/Frameworks";
				PRODUCT_BUNDLE_IDENTIFIER = com.humalabs.Netto;
				PRODUCT_NAME = "$(TARGET_NAME)";
				SKIP_INSTALL = YES;
				SWIFT_OPTIMIZATION_LEVEL = "-Onone";
			};
			name = Debug;
		};
		199C6DA01D944582002630EC /* Release */ = {
			isa = XCBuildConfiguration;
			buildSettings = {
				CLANG_ENABLE_MODULES = YES;
				DEFINES_MODULE = YES;
				DYLIB_COMPATIBILITY_VERSION = 1;
				DYLIB_CURRENT_VERSION = 1;
				DYLIB_INSTALL_NAME_BASE = "@rpath";
				INFOPLIST_FILE = Netto/Info.plist;
				INSTALL_PATH = "$(LOCAL_LIBRARY_DIR)/Frameworks";
				LD_RUNPATH_SEARCH_PATHS = "$(inherited) @executable_path/Frameworks @loader_path/Frameworks";
				PRODUCT_BUNDLE_IDENTIFIER = com.humalabs.Netto;
				PRODUCT_NAME = "$(TARGET_NAME)";
				SKIP_INSTALL = YES;
			};
			name = Release;
		};
		199C6DA21D944582002630EC /* Debug */ = {
			isa = XCBuildConfiguration;
			buildSettings = {
				INFOPLIST_FILE = NettoTests/Info.plist;
				LD_RUNPATH_SEARCH_PATHS = "$(inherited) @executable_path/Frameworks @loader_path/Frameworks";
				PRODUCT_BUNDLE_IDENTIFIER = com.humalabs.NettoTests;
				PRODUCT_NAME = "$(TARGET_NAME)";
			};
			name = Debug;
		};
		199C6DA31D944582002630EC /* Release */ = {
			isa = XCBuildConfiguration;
			buildSettings = {
				INFOPLIST_FILE = NettoTests/Info.plist;
				LD_RUNPATH_SEARCH_PATHS = "$(inherited) @executable_path/Frameworks @loader_path/Frameworks";
				PRODUCT_BUNDLE_IDENTIFIER = com.humalabs.NettoTests;
				PRODUCT_NAME = "$(TARGET_NAME)";
			};
			name = Release;
		};
/* End XCBuildConfiguration section */

/* Begin XCConfigurationList section */
		199C6D841D944582002630EC /* Build configuration list for PBXProject "Netto" */ = {
			isa = XCConfigurationList;
			buildConfigurations = (
				199C6D9C1D944582002630EC /* Debug */,
				199C6D9D1D944582002630EC /* Release */,
			);
			defaultConfigurationIsVisible = 0;
			defaultConfigurationName = Release;
		};
		199C6D9E1D944582002630EC /* Build configuration list for PBXNativeTarget "Netto" */ = {
			isa = XCConfigurationList;
			buildConfigurations = (
				199C6D9F1D944582002630EC /* Debug */,
				199C6DA01D944582002630EC /* Release */,
			);
			defaultConfigurationIsVisible = 0;
		};
		199C6DA11D944582002630EC /* Build configuration list for PBXNativeTarget "NettoTests" */ = {
			isa = XCConfigurationList;
			buildConfigurations = (
				199C6DA21D944582002630EC /* Debug */,
				199C6DA31D944582002630EC /* Release */,
			);
			defaultConfigurationIsVisible = 0;
		};
/* End XCConfigurationList section */
	};
	rootObject = 199C6D811D944582002630EC /* Project object */;
}
